
Microsoft Visual Studio Solution File, Format Version 12.00
# Visual Studio Version 17
VisualStudioVersion = 17.12.35527.113
MinimumVisualStudioVersion = 10.0.40219.1
Project("{8BC9CEB8-8B4A-11D0-8D11-00A0C91BC942}") = "Practice 01", "Practice 01\Practice 01.vcxproj", "{9A7BF7E3-0811-4BB6-BA08-3BF3F6561963}"
EndProject
Project("{8BC9CEB8-8B4A-11D0-8D11-00A0C91BC942}") = "Practice 03-do-while", "Practice 03-do-while\Practice 03-do-while.vcxproj", "{1C979405-EB48-4203-B4E8-AC5403DEE70E}"
EndProject
Project("{8BC9CEB8-8B4A-11D0-8D11-00A0C91BC942}") = "Practice 03-for", "Practice 03-for\Practice 03-for.vcxproj", "{C1A1C95A-27E7-4B5E-BF58-3E756D27FC6C}"
EndProject
Project("{8BC9CEB8-8B4A-11D0-8D11-00A0C91BC942}") = "Practice 03-while", "Practice 03-while\Practice 03-while.vcxproj", "{D98C5C7F-DA11-484D-864B-60D079A31600}"
EndProject
Project("{8BC9CEB8-8B4A-11D0-8D11-00A0C91BC942}") = "Practice 05", "Practice 05\Practice 05.vcxproj", "{ACDA71CF-5EEF-4AC4-ADF0-65EBBC7D9835}"
EndProject
Project("{8BC9CEB8-8B4A-11D0-8D11-00A0C91BC942}") = "Practice 06", "Practice 06\Practice 06.vcxproj", "{DB615513-1614-4026-8301-E468DE9518C2}"
EndProject
Project("{8BC9CEB8-8B4A-11D0-8D11-00A0C91BC942}") = "Practice 02", "Practice 02\Practice 02.vcxproj", "{A68BBAA0-665C-4AA8-8283-B7FBA098040A}"
EndProject
Project("{8BC9CEB8-8B4A-11D0-8D11-00A0C91BC942}") = "Practice 04", "Practice 04\Practice 04.vcxproj", "{609A24C1-2337-4EF0-A1A3-E875FBE1C699}"
EndProject
Global
	GlobalSection(SolutionConfigurationPlatforms) = preSolution
		Debug|x64 = Debug|x64
		Debug|x86 = Debug|x86
		Release|x64 = Release|x64
		Release|x86 = Release|x86
	EndGlobalSection
	GlobalSection(ProjectConfigurationPlatforms) = postSolution
		{9A7BF7E3-0811-4BB6-BA08-3BF3F6561963}.Debug|x64.ActiveCfg = Debug|x64
		{9A7BF7E3-0811-4BB6-BA08-3BF3F6561963}.Debug|x64.Build.0 = Debug|x64
		{9A7BF7E3-0811-4BB6-BA08-3BF3F6561963}.Debug|x86.ActiveCfg = Debug|Win32
		{9A7BF7E3-0811-4BB6-BA08-3BF3F6561963}.Debug|x86.Build.0 = Debug|Win32
		{9A7BF7E3-0811-4BB6-BA08-3BF3F6561963}.Release|x64.ActiveCfg = Release|x64
		{9A7BF7E3-0811-4BB6-BA08-3BF3F6561963}.Release|x64.Build.0 = Release|x64
		{9A7BF7E3-0811-4BB6-BA08-3BF3F6561963}.Release|x86.ActiveCfg = Release|Win32
		{9A7BF7E3-0811-4BB6-BA08-3BF3F6561963}.Release|x86.Build.0 = Release|Win32
		{1C979405-EB48-4203-B4E8-AC5403DEE70E}.Debug|x64.ActiveCfg = Debug|x64
		{1C979405-EB48-4203-B4E8-AC5403DEE70E}.Debug|x64.Build.0 = Debug|x64
		{1C979405-EB48-4203-B4E8-AC5403DEE70E}.Debug|x86.ActiveCfg = Debug|Win32
		{1C979405-EB48-4203-B4E8-AC5403DEE70E}.Debug|x86.Build.0 = Debug|Win32
		{1C979405-EB48-4203-B4E8-AC5403DEE70E}.Release|x64.ActiveCfg = Release|x64
		{1C979405-EB48-4203-B4E8-AC5403DEE70E}.Release|x64.Build.0 = Release|x64
		{1C979405-EB48-4203-B4E8-AC5403DEE70E}.Release|x86.ActiveCfg = Release|Win32
		{1C979405-EB48-4203-B4E8-AC5403DEE70E}.Release|x86.Build.0 = Release|Win32
		{C1A1C95A-27E7-4B5E-BF58-3E756D27FC6C}.Debug|x64.ActiveCfg = Debug|x64
		{C1A1C95A-27E7-4B5E-BF58-3E756D27FC6C}.Debug|x64.Build.0 = Debug|x64
		{C1A1C95A-27E7-4B5E-BF58-3E756D27FC6C}.Debug|x86.ActiveCfg = Debug|Win32
		{C1A1C95A-27E7-4B5E-BF58-3E756D27FC6C}.Debug|x86.Build.0 = Debug|Win32
		{C1A1C95A-27E7-4B5E-BF58-3E756D27FC6C}.Release|x64.ActiveCfg = Release|x64
		{C1A1C95A-27E7-4B5E-BF58-3E756D27FC6C}.Release|x64.Build.0 = Release|x64
		{C1A1C95A-27E7-4B5E-BF58-3E756D27FC6C}.Release|x86.ActiveCfg = Release|Win32
		{C1A1C95A-27E7-4B5E-BF58-3E756D27FC6C}.Release|x86.Build.0 = Release|Win32
		{D98C5C7F-DA11-484D-864B-60D079A31600}.Debug|x64.ActiveCfg = Debug|x64
		{D98C5C7F-DA11-484D-864B-60D079A31600}.Debug|x64.Build.0 = Debug|x64
		{D98C5C7F-DA11-484D-864B-60D079A31600}.Debug|x86.ActiveCfg = Debug|Win32
		{D98C5C7F-DA11-484D-864B-60D079A31600}.Debug|x86.Build.0 = Debug|Win32
		{D98C5C7F-DA11-484D-864B-60D079A31600}.Release|x64.ActiveCfg = Release|x64
		{D98C5C7F-DA11-484D-864B-60D079A31600}.Release|x64.Build.0 = Release|x64
		{D98C5C7F-DA11-484D-864B-60D079A31600}.Release|x86.ActiveCfg = Release|Win32
		{D98C5C7F-DA11-484D-864B-60D079A31600}.Release|x86.Build.0 = Release|Win32
		{ACDA71CF-5EEF-4AC4-ADF0-65EBBC7D9835}.Debug|x64.ActiveCfg = Debug|x64
		{ACDA71CF-5EEF-4AC4-ADF0-65EBBC7D9835}.Debug|x64.Build.0 = Debug|x64
		{ACDA71CF-5EEF-4AC4-ADF0-65EBBC7D9835}.Debug|x86.ActiveCfg = Debug|Win32
		{ACDA71CF-5EEF-4AC4-ADF0-65EBBC7D9835}.Debug|x86.Build.0 = Debug|Win32
		{ACDA71CF-5EEF-4AC4-ADF0-65EBBC7D9835}.Release|x64.ActiveCfg = Release|x64
		{ACDA71CF-5EEF-4AC4-ADF0-65EBBC7D9835}.Release|x64.Build.0 = Release|x64
		{ACDA71CF-5EEF-4AC4-ADF0-65EBBC7D9835}.Release|x86.ActiveCfg = Release|Win32
		{ACDA71CF-5EEF-4AC4-ADF0-65EBBC7D9835}.Release|x86.Build.0 = Release|Win32
		{DB615513-1614-4026-8301-E468DE9518C2}.Debug|x64.ActiveCfg = Debug|x64
		{DB615513-1614-4026-8301-E468DE9518C2}.Debug|x64.Build.0 = Debug|x64
		{DB615513-1614-4026-8301-E468DE9518C2}.Debug|x86.ActiveCfg = Debug|Win32
		{DB615513-1614-4026-8301-E468DE9518C2}.Debug|x86.Build.0 = Debug|Win32
		{DB615513-1614-4026-8301-E468DE9518C2}.Release|x64.ActiveCfg = Release|x64
		{DB615513-1614-4026-8301-E468DE9518C2}.Release|x64.Build.0 = Release|x64
		{DB615513-1614-4026-8301-E468DE9518C2}.Release|x86.ActiveCfg = Release|Win32
		{DB615513-1614-4026-8301-E468DE9518C2}.Release|x86.Build.0 = Release|Win32
		{A68BBAA0-665C-4AA8-8283-B7FBA098040A}.Debug|x64.ActiveCfg = Debug|x64
		{A68BBAA0-665C-4AA8-8283-B7FBA098040A}.Debug|x64.Build.0 = Debug|x64
		{A68BBAA0-665C-4AA8-8283-B7FBA098040A}.Debug|x86.ActiveCfg = Debug|Win32
		{A68BBAA0-665C-4AA8-8283-B7FBA098040A}.Debug|x86.Build.0 = Debug|Win32
		{A68BBAA0-665C-4AA8-8283-B7FBA098040A}.Release|x64.ActiveCfg = Release|x64
		{A68BBAA0-665C-4AA8-8283-B7FBA098040A}.Release|x64.Build.0 = Release|x64
		{A68BBAA0-665C-4AA8-8283-B7FBA098040A}.Release|x86.ActiveCfg = Release|Win32
		{A68BBAA0-665C-4AA8-8283-B7FBA098040A}.Release|x86.Build.0 = Release|Win32
		{609A24C1-2337-4EF0-A1A3-E875FBE1C699}.Debug|x64.ActiveCfg = Debug|x64
		{609A24C1-2337-4EF0-A1A3-E875FBE1C699}.Debug|x64.Build.0 = Debug|x64
		{609A24C1-2337-4EF0-A1A3-E875FBE1C699}.Debug|x86.ActiveCfg = Debug|Win32
		{609A24C1-2337-4EF0-A1A3-E875FBE1C699}.Debug|x86.Build.0 = Debug|Win32
		{609A24C1-2337-4EF0-A1A3-E875FBE1C699}.Release|x64.ActiveCfg = Release|x64
		{609A24C1-2337-4EF0-A1A3-E875FBE1C699}.Release|x64.Build.0 = Release|x64
		{609A24C1-2337-4EF0-A1A3-E875FBE1C699}.Release|x86.ActiveCfg = Release|Win32
		{609A24C1-2337-4EF0-A1A3-E875FBE1C699}.Release|x86.Build.0 = Release|Win32
	EndGlobalSection
	GlobalSection(SolutionProperties) = preSolution
		HideSolutionNode = FALSE
	EndGlobalSection
EndGlobal
