
Microsoft Visual Studio Solution File, Format Version 12.00
# Visual Studio Version 17
VisualStudioVersion = 17.12.35527.113
MinimumVisualStudioVersion = 10.0.40219.1
Project("{8BC9CEB8-8B4A-11D0-8D11-00A0C91BC942}") = "1-1 basic", "1-1 basic\1-1 basic.vcxproj", "{3A5F214E-2865-4441-A5E3-961AF2E56815}"
EndProject
Project("{8BC9CEB8-8B4A-11D0-8D11-00A0C91BC942}") = "3-1 if-else", "3-1 if-else\3-1 if-else.vcxproj", "{FA88CE9C-3359-4CD1-84ED-913F3B1110D2}"
EndProject
Project("{8BC9CEB8-8B4A-11D0-8D11-00A0C91BC942}") = "3-2 switch", "3-2 switch\3-2 switch.vcxproj", "{889B1AFB-2E80-443D-9BBA-80676DCC1F92}"
EndProject
Project("{8BC9CEB8-8B4A-11D0-8D11-00A0C91BC942}") = "4-1 for", "4-1 for\4-1 for.vcxproj", "{02455D3F-10E1-4147-9BBC-69A2E299B952}"
EndProject
Project("{8BC9CEB8-8B4A-11D0-8D11-00A0C91BC942}") = "4-2 while", "4-2 while\4-2 while.vcxproj", "{EB18B9D7-ED6F-476C-A267-08CE2E8A32EC}"
EndProject
Project("{8BC9CEB8-8B4A-11D0-8D11-00A0C91BC942}") = "4-3 do-while", "4-3 do-while\4-3 do-while.vcxproj", "{D7CCAF88-0B1A-4FBC-B363-D7EE657626ED}"
EndProject
Project("{8BC9CEB8-8B4A-11D0-8D11-00A0C91BC942}") = "4-4 break-continue", "4-4 break-continue\4-4 break-continue.vcxproj", "{A8B8B785-8B00-49C5-B57E-9F816C04E35F}"
EndProject
Project("{8BC9CEB8-8B4A-11D0-8D11-00A0C91BC942}") = "5-1 array", "5-1 array\5-1 array.vcxproj", "{65108BB6-69CC-4B21-ABDD-C7B7ED7B378B}"
EndProject
Project("{8BC9CEB8-8B4A-11D0-8D11-00A0C91BC942}") = "6-1 adder", "6-1 adder\6-1 adder.vcxproj", "{6C343C2A-4DD9-4337-B6D7-49E0BE5D812A}"
EndProject
Project("{8BC9CEB8-8B4A-11D0-8D11-00A0C91BC942}") = "6-2 call", "6-2 call\6-2 call.vcxproj", "{B2200841-1FFE-44FC-A770-0B71D3316F8E}"
EndProject
Project("{8BC9CEB8-8B4A-11D0-8D11-00A0C91BC942}") = "6-3 addArray", "6-3 addArray\6-3 addArray.vcxproj", "{8F1BF607-E4BC-4B87-85D9-01A9B0BD72EE}"
EndProject
Project("{8BC9CEB8-8B4A-11D0-8D11-00A0C91BC942}") = "7-1 pointer", "7-1 pointer\7-1 pointer.vcxproj", "{D09A982C-4EAD-4B66-93EB-B669FA455DFD}"
EndProject
Project("{8BC9CEB8-8B4A-11D0-8D11-00A0C91BC942}") = "7-2 pointerAndArray", "7-2 pointerAndArray\7-2 pointerAndArray.vcxproj", "{8D2BAD2A-6EFC-4139-A7C0-1C5D3181565E}"
EndProject
Project("{8BC9CEB8-8B4A-11D0-8D11-00A0C91BC942}") = "7-3 pointerEqual", "7-3 pointerEqual\7-3 pointerEqual.vcxproj", "{7119EA80-9028-4BC1-AA96-ABD2426DAA0C}"
EndProject
Project("{8BC9CEB8-8B4A-11D0-8D11-00A0C91BC942}") = "7-4 pointerEqualArray", "7-4 pointerEqualArray\7-4 pointerEqualArray.vcxproj", "{EA7D8E6C-84E3-49EB-8BB8-1F448B49EE58}"
EndProject
Global
	GlobalSection(SolutionConfigurationPlatforms) = preSolution
		Debug|x64 = Debug|x64
		Debug|x86 = Debug|x86
		Release|x64 = Release|x64
		Release|x86 = Release|x86
	EndGlobalSection
	GlobalSection(ProjectConfigurationPlatforms) = postSolution
		{3A5F214E-2865-4441-A5E3-961AF2E56815}.Debug|x64.ActiveCfg = Debug|x64
		{3A5F214E-2865-4441-A5E3-961AF2E56815}.Debug|x64.Build.0 = Debug|x64
		{3A5F214E-2865-4441-A5E3-961AF2E56815}.Debug|x86.ActiveCfg = Debug|Win32
		{3A5F214E-2865-4441-A5E3-961AF2E56815}.Debug|x86.Build.0 = Debug|Win32
		{3A5F214E-2865-4441-A5E3-961AF2E56815}.Release|x64.ActiveCfg = Release|x64
		{3A5F214E-2865-4441-A5E3-961AF2E56815}.Release|x64.Build.0 = Release|x64
		{3A5F214E-2865-4441-A5E3-961AF2E56815}.Release|x86.ActiveCfg = Release|Win32
		{3A5F214E-2865-4441-A5E3-961AF2E56815}.Release|x86.Build.0 = Release|Win32
		{FA88CE9C-3359-4CD1-84ED-913F3B1110D2}.Debug|x64.ActiveCfg = Debug|x64
		{FA88CE9C-3359-4CD1-84ED-913F3B1110D2}.Debug|x64.Build.0 = Debug|x64
		{FA88CE9C-3359-4CD1-84ED-913F3B1110D2}.Debug|x86.ActiveCfg = Debug|Win32
		{FA88CE9C-3359-4CD1-84ED-913F3B1110D2}.Debug|x86.Build.0 = Debug|Win32
		{FA88CE9C-3359-4CD1-84ED-913F3B1110D2}.Release|x64.ActiveCfg = Release|x64
		{FA88CE9C-3359-4CD1-84ED-913F3B1110D2}.Release|x64.Build.0 = Release|x64
		{FA88CE9C-3359-4CD1-84ED-913F3B1110D2}.Release|x86.ActiveCfg = Release|Win32
		{FA88CE9C-3359-4CD1-84ED-913F3B1110D2}.Release|x86.Build.0 = Release|Win32
		{889B1AFB-2E80-443D-9BBA-80676DCC1F92}.Debug|x64.ActiveCfg = Debug|x64
		{889B1AFB-2E80-443D-9BBA-80676DCC1F92}.Debug|x64.Build.0 = Debug|x64
		{889B1AFB-2E80-443D-9BBA-80676DCC1F92}.Debug|x86.ActiveCfg = Debug|Win32
		{889B1AFB-2E80-443D-9BBA-80676DCC1F92}.Debug|x86.Build.0 = Debug|Win32
		{889B1AFB-2E80-443D-9BBA-80676DCC1F92}.Release|x64.ActiveCfg = Release|x64
		{889B1AFB-2E80-443D-9BBA-80676DCC1F92}.Release|x64.Build.0 = Release|x64
		{889B1AFB-2E80-443D-9BBA-80676DCC1F92}.Release|x86.ActiveCfg = Release|Win32
		{889B1AFB-2E80-443D-9BBA-80676DCC1F92}.Release|x86.Build.0 = Release|Win32
		{02455D3F-10E1-4147-9BBC-69A2E299B952}.Debug|x64.ActiveCfg = Debug|x64
		{02455D3F-10E1-4147-9BBC-69A2E299B952}.Debug|x64.Build.0 = Debug|x64
		{02455D3F-10E1-4147-9BBC-69A2E299B952}.Debug|x86.ActiveCfg = Debug|Win32
		{02455D3F-10E1-4147-9BBC-69A2E299B952}.Debug|x86.Build.0 = Debug|Win32
		{02455D3F-10E1-4147-9BBC-69A2E299B952}.Release|x64.ActiveCfg = Release|x64
		{02455D3F-10E1-4147-9BBC-69A2E299B952}.Release|x64.Build.0 = Release|x64
		{02455D3F-10E1-4147-9BBC-69A2E299B952}.Release|x86.ActiveCfg = Release|Win32
		{02455D3F-10E1-4147-9BBC-69A2E299B952}.Release|x86.Build.0 = Release|Win32
		{EB18B9D7-ED6F-476C-A267-08CE2E8A32EC}.Debug|x64.ActiveCfg = Debug|x64
		{EB18B9D7-ED6F-476C-A267-08CE2E8A32EC}.Debug|x64.Build.0 = Debug|x64
		{EB18B9D7-ED6F-476C-A267-08CE2E8A32EC}.Debug|x86.ActiveCfg = Debug|Win32
		{EB18B9D7-ED6F-476C-A267-08CE2E8A32EC}.Debug|x86.Build.0 = Debug|Win32
		{EB18B9D7-ED6F-476C-A267-08CE2E8A32EC}.Release|x64.ActiveCfg = Release|x64
		{EB18B9D7-ED6F-476C-A267-08CE2E8A32EC}.Release|x64.Build.0 = Release|x64
		{EB18B9D7-ED6F-476C-A267-08CE2E8A32EC}.Release|x86.ActiveCfg = Release|Win32
		{EB18B9D7-ED6F-476C-A267-08CE2E8A32EC}.Release|x86.Build.0 = Release|Win32
		{D7CCAF88-0B1A-4FBC-B363-D7EE657626ED}.Debug|x64.ActiveCfg = Debug|x64
		{D7CCAF88-0B1A-4FBC-B363-D7EE657626ED}.Debug|x64.Build.0 = Debug|x64
		{D7CCAF88-0B1A-4FBC-B363-D7EE657626ED}.Debug|x86.ActiveCfg = Debug|Win32
		{D7CCAF88-0B1A-4FBC-B363-D7EE657626ED}.Debug|x86.Build.0 = Debug|Win32
		{D7CCAF88-0B1A-4FBC-B363-D7EE657626ED}.Release|x64.ActiveCfg = Release|x64
		{D7CCAF88-0B1A-4FBC-B363-D7EE657626ED}.Release|x64.Build.0 = Release|x64
		{D7CCAF88-0B1A-4FBC-B363-D7EE657626ED}.Release|x86.ActiveCfg = Release|Win32
		{D7CCAF88-0B1A-4FBC-B363-D7EE657626ED}.Release|x86.Build.0 = Release|Win32
		{A8B8B785-8B00-49C5-B57E-9F816C04E35F}.Debug|x64.ActiveCfg = Debug|x64
		{A8B8B785-8B00-49C5-B57E-9F816C04E35F}.Debug|x64.Build.0 = Debug|x64
		{A8B8B785-8B00-49C5-B57E-9F816C04E35F}.Debug|x86.ActiveCfg = Debug|Win32
		{A8B8B785-8B00-49C5-B57E-9F816C04E35F}.Debug|x86.Build.0 = Debug|Win32
		{A8B8B785-8B00-49C5-B57E-9F816C04E35F}.Release|x64.ActiveCfg = Release|x64
		{A8B8B785-8B00-49C5-B57E-9F816C04E35F}.Release|x64.Build.0 = Release|x64
		{A8B8B785-8B00-49C5-B57E-9F816C04E35F}.Release|x86.ActiveCfg = Release|Win32
		{A8B8B785-8B00-49C5-B57E-9F816C04E35F}.Release|x86.Build.0 = Release|Win32
		{65108BB6-69CC-4B21-ABDD-C7B7ED7B378B}.Debug|x64.ActiveCfg = Debug|x64
		{65108BB6-69CC-4B21-ABDD-C7B7ED7B378B}.Debug|x64.Build.0 = Debug|x64
		{65108BB6-69CC-4B21-ABDD-C7B7ED7B378B}.Debug|x86.ActiveCfg = Debug|Win32
		{65108BB6-69CC-4B21-ABDD-C7B7ED7B378B}.Debug|x86.Build.0 = Debug|Win32
		{65108BB6-69CC-4B21-ABDD-C7B7ED7B378B}.Release|x64.ActiveCfg = Release|x64
		{65108BB6-69CC-4B21-ABDD-C7B7ED7B378B}.Release|x64.Build.0 = Release|x64
		{65108BB6-69CC-4B21-ABDD-C7B7ED7B378B}.Release|x86.ActiveCfg = Release|Win32
		{65108BB6-69CC-4B21-ABDD-C7B7ED7B378B}.Release|x86.Build.0 = Release|Win32
		{6C343C2A-4DD9-4337-B6D7-49E0BE5D812A}.Debug|x64.ActiveCfg = Debug|x64
		{6C343C2A-4DD9-4337-B6D7-49E0BE5D812A}.Debug|x64.Build.0 = Debug|x64
		{6C343C2A-4DD9-4337-B6D7-49E0BE5D812A}.Debug|x86.ActiveCfg = Debug|Win32
		{6C343C2A-4DD9-4337-B6D7-49E0BE5D812A}.Debug|x86.Build.0 = Debug|Win32
		{6C343C2A-4DD9-4337-B6D7-49E0BE5D812A}.Release|x64.ActiveCfg = Release|x64
		{6C343C2A-4DD9-4337-B6D7-49E0BE5D812A}.Release|x64.Build.0 = Release|x64
		{6C343C2A-4DD9-4337-B6D7-49E0BE5D812A}.Release|x86.ActiveCfg = Release|Win32
		{6C343C2A-4DD9-4337-B6D7-49E0BE5D812A}.Release|x86.Build.0 = Release|Win32
		{B2200841-1FFE-44FC-A770-0B71D3316F8E}.Debug|x64.ActiveCfg = Debug|x64
		{B2200841-1FFE-44FC-A770-0B71D3316F8E}.Debug|x64.Build.0 = Debug|x64
		{B2200841-1FFE-44FC-A770-0B71D3316F8E}.Debug|x86.ActiveCfg = Debug|Win32
		{B2200841-1FFE-44FC-A770-0B71D3316F8E}.Debug|x86.Build.0 = Debug|Win32
		{B2200841-1FFE-44FC-A770-0B71D3316F8E}.Release|x64.ActiveCfg = Release|x64
		{B2200841-1FFE-44FC-A770-0B71D3316F8E}.Release|x64.Build.0 = Release|x64
		{B2200841-1FFE-44FC-A770-0B71D3316F8E}.Release|x86.ActiveCfg = Release|Win32
		{B2200841-1FFE-44FC-A770-0B71D3316F8E}.Release|x86.Build.0 = Release|Win32
		{8F1BF607-E4BC-4B87-85D9-01A9B0BD72EE}.Debug|x64.ActiveCfg = Debug|x64
		{8F1BF607-E4BC-4B87-85D9-01A9B0BD72EE}.Debug|x64.Build.0 = Debug|x64
		{8F1BF607-E4BC-4B87-85D9-01A9B0BD72EE}.Debug|x86.ActiveCfg = Debug|Win32
		{8F1BF607-E4BC-4B87-85D9-01A9B0BD72EE}.Debug|x86.Build.0 = Debug|Win32
		{8F1BF607-E4BC-4B87-85D9-01A9B0BD72EE}.Release|x64.ActiveCfg = Release|x64
		{8F1BF607-E4BC-4B87-85D9-01A9B0BD72EE}.Release|x64.Build.0 = Release|x64
		{8F1BF607-E4BC-4B87-85D9-01A9B0BD72EE}.Release|x86.ActiveCfg = Release|Win32
		{8F1BF607-E4BC-4B87-85D9-01A9B0BD72EE}.Release|x86.Build.0 = Release|Win32
		{D09A982C-4EAD-4B66-93EB-B669FA455DFD}.Debug|x64.ActiveCfg = Debug|x64
		{D09A982C-4EAD-4B66-93EB-B669FA455DFD}.Debug|x64.Build.0 = Debug|x64
		{D09A982C-4EAD-4B66-93EB-B669FA455DFD}.Debug|x86.ActiveCfg = Debug|Win32
		{D09A982C-4EAD-4B66-93EB-B669FA455DFD}.Debug|x86.Build.0 = Debug|Win32
		{D09A982C-4EAD-4B66-93EB-B669FA455DFD}.Release|x64.ActiveCfg = Release|x64
		{D09A982C-4EAD-4B66-93EB-B669FA455DFD}.Release|x64.Build.0 = Release|x64
		{D09A982C-4EAD-4B66-93EB-B669FA455DFD}.Release|x86.ActiveCfg = Release|Win32
		{D09A982C-4EAD-4B66-93EB-B669FA455DFD}.Release|x86.Build.0 = Release|Win32
		{8D2BAD2A-6EFC-4139-A7C0-1C5D3181565E}.Debug|x64.ActiveCfg = Debug|x64
		{8D2BAD2A-6EFC-4139-A7C0-1C5D3181565E}.Debug|x64.Build.0 = Debug|x64
		{8D2BAD2A-6EFC-4139-A7C0-1C5D3181565E}.Debug|x86.ActiveCfg = Debug|Win32
		{8D2BAD2A-6EFC-4139-A7C0-1C5D3181565E}.Debug|x86.Build.0 = Debug|Win32
		{8D2BAD2A-6EFC-4139-A7C0-1C5D3181565E}.Release|x64.ActiveCfg = Release|x64
		{8D2BAD2A-6EFC-4139-A7C0-1C5D3181565E}.Release|x64.Build.0 = Release|x64
		{8D2BAD2A-6EFC-4139-A7C0-1C5D3181565E}.Release|x86.ActiveCfg = Release|Win32
		{8D2BAD2A-6EFC-4139-A7C0-1C5D3181565E}.Release|x86.Build.0 = Release|Win32
		{7119EA80-9028-4BC1-AA96-ABD2426DAA0C}.Debug|x64.ActiveCfg = Debug|x64
		{7119EA80-9028-4BC1-AA96-ABD2426DAA0C}.Debug|x64.Build.0 = Debug|x64
		{7119EA80-9028-4BC1-AA96-ABD2426DAA0C}.Debug|x86.ActiveCfg = Debug|Win32
		{7119EA80-9028-4BC1-AA96-ABD2426DAA0C}.Debug|x86.Build.0 = Debug|Win32
		{7119EA80-9028-4BC1-AA96-ABD2426DAA0C}.Release|x64.ActiveCfg = Release|x64
		{7119EA80-9028-4BC1-AA96-ABD2426DAA0C}.Release|x64.Build.0 = Release|x64
		{7119EA80-9028-4BC1-AA96-ABD2426DAA0C}.Release|x86.ActiveCfg = Release|Win32
		{7119EA80-9028-4BC1-AA96-ABD2426DAA0C}.Release|x86.Build.0 = Release|Win32
		{EA7D8E6C-84E3-49EB-8BB8-1F448B49EE58}.Debug|x64.ActiveCfg = Debug|x64
		{EA7D8E6C-84E3-49EB-8BB8-1F448B49EE58}.Debug|x64.Build.0 = Debug|x64
		{EA7D8E6C-84E3-49EB-8BB8-1F448B49EE58}.Debug|x86.ActiveCfg = Debug|Win32
		{EA7D8E6C-84E3-49EB-8BB8-1F448B49EE58}.Debug|x86.Build.0 = Debug|Win32
		{EA7D8E6C-84E3-49EB-8BB8-1F448B49EE58}.Release|x64.ActiveCfg = Release|x64
		{EA7D8E6C-84E3-49EB-8BB8-1F448B49EE58}.Release|x64.Build.0 = Release|x64
		{EA7D8E6C-84E3-49EB-8BB8-1F448B49EE58}.Release|x86.ActiveCfg = Release|Win32
		{EA7D8E6C-84E3-49EB-8BB8-1F448B49EE58}.Release|x86.Build.0 = Release|Win32
	EndGlobalSection
	GlobalSection(SolutionProperties) = preSolution
		HideSolutionNode = FALSE
	EndGlobalSection
EndGlobal
