
Microsoft Visual Studio Solution File, Format Version 12.00
# Visual Studio Version 17
VisualStudioVersion = 17.12.35527.113
MinimumVisualStudioVersion = 10.0.40219.1
Project("{8BC9CEB8-8B4A-11D0-8D11-00A0C91BC942}") = "예제 1-1", "예제 1-1\예제 1-1.vcxproj", "{AC29DD47-A4F1-46CD-BB1A-4FA29DF635AC}"
EndProject
Project("{8BC9CEB8-8B4A-11D0-8D11-00A0C91BC942}") = "예제 1-2", "예제 1-2\예제 1-2.vcxproj", "{7422E123-BFE5-4746-BB55-9B274C6E0E48}"
EndProject
Project("{8BC9CEB8-8B4A-11D0-8D11-00A0C91BC942}") = "예제 1-3", "예제 1-3\예제 1-3.vcxproj", "{3541AA9C-3492-4E9F-9BA4-435F8AFB0C20}"
EndProject
Project("{8BC9CEB8-8B4A-11D0-8D11-00A0C91BC942}") = "예제 3-1", "예제 3-1\예제 3-1.vcxproj", "{36C3F4B0-09A7-49D0-870E-53063FAD3F12}"
EndProject
Project("{8BC9CEB8-8B4A-11D0-8D11-00A0C91BC942}") = "예제 3-2", "예제 3-2\예제 3-2.vcxproj", "{E1139456-72BC-47E4-9E27-470191AFE6E0}"
EndProject
Project("{8BC9CEB8-8B4A-11D0-8D11-00A0C91BC942}") = "예제 3-3", "예제 3-3\예제 3-3.vcxproj", "{B5113644-6F09-40CA-BD79-418BFEB78187}"
EndProject
Project("{8BC9CEB8-8B4A-11D0-8D11-00A0C91BC942}") = "예제 3-4", "예제 3-4\예제 3-4.vcxproj", "{540D5100-1ADD-47EF-9409-AA7078E3C833}"
EndProject
Project("{8BC9CEB8-8B4A-11D0-8D11-00A0C91BC942}") = "예제 3-5", "예제 3-5\예제 3-5.vcxproj", "{388AED1F-2954-4935-9493-E45EDD5D001D}"
EndProject
Project("{8BC9CEB8-8B4A-11D0-8D11-00A0C91BC942}") = "예제 3-6", "예제 3-6\예제 3-6.vcxproj", "{5376B63D-6A69-425B-BCBD-8E3FBADACDBF}"
EndProject
Project("{8BC9CEB8-8B4A-11D0-8D11-00A0C91BC942}") = "예제 3-7", "예제 3-7\예제 3-7.vcxproj", "{2107B851-BC45-47C7-B730-AF3E14723C39}"
EndProject
Project("{8BC9CEB8-8B4A-11D0-8D11-00A0C91BC942}") = "예제 4-1", "예제 4-1\예제 4-1.vcxproj", "{77F8B1E8-2BE8-4C8F-B0B7-E62E4CE34AB0}"
EndProject
Project("{8BC9CEB8-8B4A-11D0-8D11-00A0C91BC942}") = "예제 5-1", "예제 5-1\예제 5-1.vcxproj", "{4DF00793-2399-436E-B537-BCD6908018E5}"
EndProject
Global
	GlobalSection(SolutionConfigurationPlatforms) = preSolution
		Debug|x64 = Debug|x64
		Debug|x86 = Debug|x86
		Release|x64 = Release|x64
		Release|x86 = Release|x86
	EndGlobalSection
	GlobalSection(ProjectConfigurationPlatforms) = postSolution
		{AC29DD47-A4F1-46CD-BB1A-4FA29DF635AC}.Debug|x64.ActiveCfg = Debug|x64
		{AC29DD47-A4F1-46CD-BB1A-4FA29DF635AC}.Debug|x64.Build.0 = Debug|x64
		{AC29DD47-A4F1-46CD-BB1A-4FA29DF635AC}.Debug|x86.ActiveCfg = Debug|Win32
		{AC29DD47-A4F1-46CD-BB1A-4FA29DF635AC}.Debug|x86.Build.0 = Debug|Win32
		{AC29DD47-A4F1-46CD-BB1A-4FA29DF635AC}.Release|x64.ActiveCfg = Release|x64
		{AC29DD47-A4F1-46CD-BB1A-4FA29DF635AC}.Release|x64.Build.0 = Release|x64
		{AC29DD47-A4F1-46CD-BB1A-4FA29DF635AC}.Release|x86.ActiveCfg = Release|Win32
		{AC29DD47-A4F1-46CD-BB1A-4FA29DF635AC}.Release|x86.Build.0 = Release|Win32
		{7422E123-BFE5-4746-BB55-9B274C6E0E48}.Debug|x64.ActiveCfg = Debug|x64
		{7422E123-BFE5-4746-BB55-9B274C6E0E48}.Debug|x64.Build.0 = Debug|x64
		{7422E123-BFE5-4746-BB55-9B274C6E0E48}.Debug|x86.ActiveCfg = Debug|Win32
		{7422E123-BFE5-4746-BB55-9B274C6E0E48}.Debug|x86.Build.0 = Debug|Win32
		{7422E123-BFE5-4746-BB55-9B274C6E0E48}.Release|x64.ActiveCfg = Release|x64
		{7422E123-BFE5-4746-BB55-9B274C6E0E48}.Release|x64.Build.0 = Release|x64
		{7422E123-BFE5-4746-BB55-9B274C6E0E48}.Release|x86.ActiveCfg = Release|Win32
		{7422E123-BFE5-4746-BB55-9B274C6E0E48}.Release|x86.Build.0 = Release|Win32
		{3541AA9C-3492-4E9F-9BA4-435F8AFB0C20}.Debug|x64.ActiveCfg = Debug|x64
		{3541AA9C-3492-4E9F-9BA4-435F8AFB0C20}.Debug|x64.Build.0 = Debug|x64
		{3541AA9C-3492-4E9F-9BA4-435F8AFB0C20}.Debug|x86.ActiveCfg = Debug|Win32
		{3541AA9C-3492-4E9F-9BA4-435F8AFB0C20}.Debug|x86.Build.0 = Debug|Win32
		{3541AA9C-3492-4E9F-9BA4-435F8AFB0C20}.Release|x64.ActiveCfg = Release|x64
		{3541AA9C-3492-4E9F-9BA4-435F8AFB0C20}.Release|x64.Build.0 = Release|x64
		{3541AA9C-3492-4E9F-9BA4-435F8AFB0C20}.Release|x86.ActiveCfg = Release|Win32
		{3541AA9C-3492-4E9F-9BA4-435F8AFB0C20}.Release|x86.Build.0 = Release|Win32
		{36C3F4B0-09A7-49D0-870E-53063FAD3F12}.Debug|x64.ActiveCfg = Debug|x64
		{36C3F4B0-09A7-49D0-870E-53063FAD3F12}.Debug|x64.Build.0 = Debug|x64
		{36C3F4B0-09A7-49D0-870E-53063FAD3F12}.Debug|x86.ActiveCfg = Debug|Win32
		{36C3F4B0-09A7-49D0-870E-53063FAD3F12}.Debug|x86.Build.0 = Debug|Win32
		{36C3F4B0-09A7-49D0-870E-53063FAD3F12}.Release|x64.ActiveCfg = Release|x64
		{36C3F4B0-09A7-49D0-870E-53063FAD3F12}.Release|x64.Build.0 = Release|x64
		{36C3F4B0-09A7-49D0-870E-53063FAD3F12}.Release|x86.ActiveCfg = Release|Win32
		{36C3F4B0-09A7-49D0-870E-53063FAD3F12}.Release|x86.Build.0 = Release|Win32
		{E1139456-72BC-47E4-9E27-470191AFE6E0}.Debug|x64.ActiveCfg = Debug|x64
		{E1139456-72BC-47E4-9E27-470191AFE6E0}.Debug|x64.Build.0 = Debug|x64
		{E1139456-72BC-47E4-9E27-470191AFE6E0}.Debug|x86.ActiveCfg = Debug|Win32
		{E1139456-72BC-47E4-9E27-470191AFE6E0}.Debug|x86.Build.0 = Debug|Win32
		{E1139456-72BC-47E4-9E27-470191AFE6E0}.Release|x64.ActiveCfg = Release|x64
		{E1139456-72BC-47E4-9E27-470191AFE6E0}.Release|x64.Build.0 = Release|x64
		{E1139456-72BC-47E4-9E27-470191AFE6E0}.Release|x86.ActiveCfg = Release|Win32
		{E1139456-72BC-47E4-9E27-470191AFE6E0}.Release|x86.Build.0 = Release|Win32
		{B5113644-6F09-40CA-BD79-418BFEB78187}.Debug|x64.ActiveCfg = Debug|x64
		{B5113644-6F09-40CA-BD79-418BFEB78187}.Debug|x64.Build.0 = Debug|x64
		{B5113644-6F09-40CA-BD79-418BFEB78187}.Debug|x86.ActiveCfg = Debug|Win32
		{B5113644-6F09-40CA-BD79-418BFEB78187}.Debug|x86.Build.0 = Debug|Win32
		{B5113644-6F09-40CA-BD79-418BFEB78187}.Release|x64.ActiveCfg = Release|x64
		{B5113644-6F09-40CA-BD79-418BFEB78187}.Release|x64.Build.0 = Release|x64
		{B5113644-6F09-40CA-BD79-418BFEB78187}.Release|x86.ActiveCfg = Release|Win32
		{B5113644-6F09-40CA-BD79-418BFEB78187}.Release|x86.Build.0 = Release|Win32
		{540D5100-1ADD-47EF-9409-AA7078E3C833}.Debug|x64.ActiveCfg = Debug|x64
		{540D5100-1ADD-47EF-9409-AA7078E3C833}.Debug|x64.Build.0 = Debug|x64
		{540D5100-1ADD-47EF-9409-AA7078E3C833}.Debug|x86.ActiveCfg = Debug|Win32
		{540D5100-1ADD-47EF-9409-AA7078E3C833}.Debug|x86.Build.0 = Debug|Win32
		{540D5100-1ADD-47EF-9409-AA7078E3C833}.Release|x64.ActiveCfg = Release|x64
		{540D5100-1ADD-47EF-9409-AA7078E3C833}.Release|x64.Build.0 = Release|x64
		{540D5100-1ADD-47EF-9409-AA7078E3C833}.Release|x86.ActiveCfg = Release|Win32
		{540D5100-1ADD-47EF-9409-AA7078E3C833}.Release|x86.Build.0 = Release|Win32
		{388AED1F-2954-4935-9493-E45EDD5D001D}.Debug|x64.ActiveCfg = Debug|x64
		{388AED1F-2954-4935-9493-E45EDD5D001D}.Debug|x64.Build.0 = Debug|x64
		{388AED1F-2954-4935-9493-E45EDD5D001D}.Debug|x86.ActiveCfg = Debug|Win32
		{388AED1F-2954-4935-9493-E45EDD5D001D}.Debug|x86.Build.0 = Debug|Win32
		{388AED1F-2954-4935-9493-E45EDD5D001D}.Release|x64.ActiveCfg = Release|x64
		{388AED1F-2954-4935-9493-E45EDD5D001D}.Release|x64.Build.0 = Release|x64
		{388AED1F-2954-4935-9493-E45EDD5D001D}.Release|x86.ActiveCfg = Release|Win32
		{388AED1F-2954-4935-9493-E45EDD5D001D}.Release|x86.Build.0 = Release|Win32
		{5376B63D-6A69-425B-BCBD-8E3FBADACDBF}.Debug|x64.ActiveCfg = Debug|x64
		{5376B63D-6A69-425B-BCBD-8E3FBADACDBF}.Debug|x64.Build.0 = Debug|x64
		{5376B63D-6A69-425B-BCBD-8E3FBADACDBF}.Debug|x86.ActiveCfg = Debug|Win32
		{5376B63D-6A69-425B-BCBD-8E3FBADACDBF}.Debug|x86.Build.0 = Debug|Win32
		{5376B63D-6A69-425B-BCBD-8E3FBADACDBF}.Release|x64.ActiveCfg = Release|x64
		{5376B63D-6A69-425B-BCBD-8E3FBADACDBF}.Release|x64.Build.0 = Release|x64
		{5376B63D-6A69-425B-BCBD-8E3FBADACDBF}.Release|x86.ActiveCfg = Release|Win32
		{5376B63D-6A69-425B-BCBD-8E3FBADACDBF}.Release|x86.Build.0 = Release|Win32
		{2107B851-BC45-47C7-B730-AF3E14723C39}.Debug|x64.ActiveCfg = Debug|x64
		{2107B851-BC45-47C7-B730-AF3E14723C39}.Debug|x64.Build.0 = Debug|x64
		{2107B851-BC45-47C7-B730-AF3E14723C39}.Debug|x86.ActiveCfg = Debug|Win32
		{2107B851-BC45-47C7-B730-AF3E14723C39}.Debug|x86.Build.0 = Debug|Win32
		{2107B851-BC45-47C7-B730-AF3E14723C39}.Release|x64.ActiveCfg = Release|x64
		{2107B851-BC45-47C7-B730-AF3E14723C39}.Release|x64.Build.0 = Release|x64
		{2107B851-BC45-47C7-B730-AF3E14723C39}.Release|x86.ActiveCfg = Release|Win32
		{2107B851-BC45-47C7-B730-AF3E14723C39}.Release|x86.Build.0 = Release|Win32
		{77F8B1E8-2BE8-4C8F-B0B7-E62E4CE34AB0}.Debug|x64.ActiveCfg = Debug|x64
		{77F8B1E8-2BE8-4C8F-B0B7-E62E4CE34AB0}.Debug|x64.Build.0 = Debug|x64
		{77F8B1E8-2BE8-4C8F-B0B7-E62E4CE34AB0}.Debug|x86.ActiveCfg = Debug|Win32
		{77F8B1E8-2BE8-4C8F-B0B7-E62E4CE34AB0}.Debug|x86.Build.0 = Debug|Win32
		{77F8B1E8-2BE8-4C8F-B0B7-E62E4CE34AB0}.Release|x64.ActiveCfg = Release|x64
		{77F8B1E8-2BE8-4C8F-B0B7-E62E4CE34AB0}.Release|x64.Build.0 = Release|x64
		{77F8B1E8-2BE8-4C8F-B0B7-E62E4CE34AB0}.Release|x86.ActiveCfg = Release|Win32
		{77F8B1E8-2BE8-4C8F-B0B7-E62E4CE34AB0}.Release|x86.Build.0 = Release|Win32
		{4DF00793-2399-436E-B537-BCD6908018E5}.Debug|x64.ActiveCfg = Debug|x64
		{4DF00793-2399-436E-B537-BCD6908018E5}.Debug|x64.Build.0 = Debug|x64
		{4DF00793-2399-436E-B537-BCD6908018E5}.Debug|x86.ActiveCfg = Debug|Win32
		{4DF00793-2399-436E-B537-BCD6908018E5}.Debug|x86.Build.0 = Debug|Win32
		{4DF00793-2399-436E-B537-BCD6908018E5}.Release|x64.ActiveCfg = Release|x64
		{4DF00793-2399-436E-B537-BCD6908018E5}.Release|x64.Build.0 = Release|x64
		{4DF00793-2399-436E-B537-BCD6908018E5}.Release|x86.ActiveCfg = Release|Win32
		{4DF00793-2399-436E-B537-BCD6908018E5}.Release|x86.Build.0 = Release|Win32
	EndGlobalSection
	GlobalSection(SolutionProperties) = preSolution
		HideSolutionNode = FALSE
	EndGlobalSection
EndGlobal
